// !$*UTF8*$!
{
	archiveVersion = 1;
	classes = {
	};
	objectVersion = 48;
	objects = {

/* Begin PBXBuildFile section */
		24B954FCAB086F439EBE34FA /* Pods_CryptoCurrenciesCodeChallenge.framework in Frameworks */ = {isa = PBXBuildFile; fileRef = B5793DE25FEE17B3B1FB4D6D /* Pods_CryptoCurrenciesCodeChallenge.framework */; };
		631E10072019414E00F5DF1A /* Constant.swift in Sources */ = {isa = PBXBuildFile; fileRef = 631E10062019414E00F5DF1A /* Constant.swift */; };
		6374497A20192C9400834F7C /* AppDelegate.swift in Sources */ = {isa = PBXBuildFile; fileRef = 6374497920192C9400834F7C /* AppDelegate.swift */; };
		6374497F20192C9400834F7C /* Main.storyboard in Resources */ = {isa = PBXBuildFile; fileRef = 6374497D20192C9400834F7C /* Main.storyboard */; };
		6374498120192C9400834F7C /* Assets.xcassets in Resources */ = {isa = PBXBuildFile; fileRef = 6374498020192C9400834F7C /* Assets.xcassets */; };
		6374498420192C9400834F7C /* LaunchScreen.storyboard in Resources */ = {isa = PBXBuildFile; fileRef = 6374498220192C9400834F7C /* LaunchScreen.storyboard */; };
		6374499120192DCF00834F7C /* APILoader.swift in Sources */ = {isa = PBXBuildFile; fileRef = 6374499020192DCF00834F7C /* APILoader.swift */; };
		6374499420192EE200834F7C /* JSONParser.swift in Sources */ = {isa = PBXBuildFile; fileRef = 6374499320192EE200834F7C /* JSONParser.swift */; };
		6374499620192F2100834F7C /* Cryptocurrency.swift in Sources */ = {isa = PBXBuildFile; fileRef = 6374499520192F2100834F7C /* Cryptocurrency.swift */; };
		638831C3201945E600355347 /* DetailTableDataSource.swift in Sources */ = {isa = PBXBuildFile; fileRef = 638831C2201945E600355347 /* DetailTableDataSource.swift */; };
		638831C6201945FE00355347 /* DetailViewController.swift in Sources */ = {isa = PBXBuildFile; fileRef = 638831C4201945FE00355347 /* DetailViewController.swift */; };
		638831C7201945FE00355347 /* DetailViewController.xib in Resources */ = {isa = PBXBuildFile; fileRef = 638831C5201945FE00355347 /* DetailViewController.xib */; };
		638831CA2019498B00355347 /* DetailTableViewCell.swift in Sources */ = {isa = PBXBuildFile; fileRef = 638831C82019498B00355347 /* DetailTableViewCell.swift */; };
		638831CB2019498B00355347 /* DetailTableViewCell.xib in Resources */ = {isa = PBXBuildFile; fileRef = 638831C92019498B00355347 /* DetailTableViewCell.xib */; };
		638831CE20194D7800355347 /* String.swift in Sources */ = {isa = PBXBuildFile; fileRef = 638831CD20194D7800355347 /* String.swift */; };
		63DDE452201934E30086C46B /* OverviewViewController.swift in Sources */ = {isa = PBXBuildFile; fileRef = 63DDE451201934E30086C46B /* OverviewViewController.swift */; };
		63DDE4542019350B0086C46B /* OverviewTableDataSource.swift in Sources */ = {isa = PBXBuildFile; fileRef = 63DDE4532019350B0086C46B /* OverviewTableDataSource.swift */; };
		63DDE4572019352C0086C46B /* OverviewTableViewCell.swift in Sources */ = {isa = PBXBuildFile; fileRef = 63DDE4552019352C0086C46B /* OverviewTableViewCell.swift */; };
		63DDE4582019352C0086C46B /* OverviewTableViewCell.xib in Resources */ = {isa = PBXBuildFile; fileRef = 63DDE4562019352C0086C46B /* OverviewTableViewCell.xib */; };
		63DDE45B201938090086C46B /* CryptocurrencyModel.swift in Sources */ = {isa = PBXBuildFile; fileRef = 63DDE45A201938090086C46B /* CryptocurrencyModel.swift */; };
/* End PBXBuildFile section */

/* Begin PBXFileReference section */
		631E10062019414E00F5DF1A /* Constant.swift */ = {isa = PBXFileReference; lastKnownFileType = sourcecode.swift; name = Constant.swift; path = Util/Constant.swift; sourceTree = "<group>"; };
		6374497620192C9400834F7C /* CryptoCurrenciesCodeChallenge.app */ = {isa = PBXFileReference; explicitFileType = wrapper.application; includeInIndex = 0; path = CryptoCurrenciesCodeChallenge.app; sourceTree = BUILT_PRODUCTS_DIR; };
		6374497920192C9400834F7C /* AppDelegate.swift */ = {isa = PBXFileReference; lastKnownFileType = sourcecode.swift; path = AppDelegate.swift; sourceTree = "<group>"; };
		6374497E20192C9400834F7C /* Base */ = {isa = PBXFileReference; lastKnownFileType = file.storyboard; name = Base; path = Base.lproj/Main.storyboard; sourceTree = "<group>"; };
		6374498020192C9400834F7C /* Assets.xcassets */ = {isa = PBXFileReference; lastKnownFileType = folder.assetcatalog; path = Assets.xcassets; sourceTree = "<group>"; };
		6374498320192C9400834F7C /* Base */ = {isa = PBXFileReference; lastKnownFileType = file.storyboard; name = Base; path = Base.lproj/LaunchScreen.storyboard; sourceTree = "<group>"; };
		6374498520192C9400834F7C /* Info.plist */ = {isa = PBXFileReference; lastKnownFileType = text.plist.xml; path = Info.plist; sourceTree = "<group>"; };
		6374499020192DCF00834F7C /* APILoader.swift */ = {isa = PBXFileReference; lastKnownFileType = sourcecode.swift; name = APILoader.swift; path = CryptoCurrenciesCodeChallenge/Network/APILoader.swift; sourceTree = SOURCE_ROOT; };
		6374499320192EE200834F7C /* JSONParser.swift */ = {isa = PBXFileReference; lastKnownFileType = sourcecode.swift; path = JSONParser.swift; sourceTree = "<group>"; };
		6374499520192F2100834F7C /* Cryptocurrency.swift */ = {isa = PBXFileReference; lastKnownFileType = sourcecode.swift; name = Cryptocurrency.swift; path = Model/Cryptocurrency.swift; sourceTree = "<group>"; };
		638831C2201945E600355347 /* DetailTableDataSource.swift */ = {isa = PBXFileReference; lastKnownFileType = sourcecode.swift; path = DetailTableDataSource.swift; sourceTree = "<group>"; };
		638831C4201945FE00355347 /* DetailViewController.swift */ = {isa = PBXFileReference; lastKnownFileType = sourcecode.swift; path = DetailViewController.swift; sourceTree = "<group>"; };
		638831C5201945FE00355347 /* DetailViewController.xib */ = {isa = PBXFileReference; lastKnownFileType = file.xib; path = DetailViewController.xib; sourceTree = "<group>"; };
		638831C82019498B00355347 /* DetailTableViewCell.swift */ = {isa = PBXFileReference; lastKnownFileType = sourcecode.swift; path = DetailTableViewCell.swift; sourceTree = "<group>"; };
		638831C92019498B00355347 /* DetailTableViewCell.xib */ = {isa = PBXFileReference; lastKnownFileType = file.xib; path = DetailTableViewCell.xib; sourceTree = "<group>"; };
		638831CD20194D7800355347 /* String.swift */ = {isa = PBXFileReference; lastKnownFileType = sourcecode.swift; name = String.swift; path = Extensions/String.swift; sourceTree = "<group>"; };
		63DDE451201934E30086C46B /* OverviewViewController.swift */ = {isa = PBXFileReference; lastKnownFileType = sourcecode.swift; name = OverviewViewController.swift; path = Overview/OverviewViewController.swift; sourceTree = "<group>"; };
		63DDE4532019350B0086C46B /* OverviewTableDataSource.swift */ = {isa = PBXFileReference; lastKnownFileType = sourcecode.swift; name = OverviewTableDataSource.swift; path = Overview/OverviewTableDataSource.swift; sourceTree = "<group>"; };
		63DDE4552019352C0086C46B /* OverviewTableViewCell.swift */ = {isa = PBXFileReference; lastKnownFileType = sourcecode.swift; name = OverviewTableViewCell.swift; path = Overview/OverviewTableViewCell.swift; sourceTree = "<group>"; };
		63DDE4562019352C0086C46B /* OverviewTableViewCell.xib */ = {isa = PBXFileReference; lastKnownFileType = file.xib; name = OverviewTableViewCell.xib; path = Overview/OverviewTableViewCell.xib; sourceTree = "<group>"; };
		63DDE45A201938090086C46B /* CryptocurrencyModel.swift */ = {isa = PBXFileReference; lastKnownFileType = sourcecode.swift; name = CryptocurrencyModel.swift; path = ViewModel/CryptocurrencyModel.swift; sourceTree = "<group>"; };
		B5793DE25FEE17B3B1FB4D6D /* Pods_CryptoCurrenciesCodeChallenge.framework */ = {isa = PBXFileReference; explicitFileType = wrapper.framework; includeInIndex = 0; path = Pods_CryptoCurrenciesCodeChallenge.framework; sourceTree = BUILT_PRODUCTS_DIR; };
		BE97524E7EDA6F134FDC5566 /* Pods-CryptoCurrenciesCodeChallenge.debug.xcconfig */ = {isa = PBXFileReference; includeInIndex = 1; lastKnownFileType = text.xcconfig; name = "Pods-CryptoCurrenciesCodeChallenge.debug.xcconfig"; path = "Pods/Target Support Files/Pods-CryptoCurrenciesCodeChallenge/Pods-CryptoCurrenciesCodeChallenge.debug.xcconfig"; sourceTree = "<group>"; };
		C6113CF6FDE752F127689139 /* Pods-CryptoCurrenciesCodeChallenge.release.xcconfig */ = {isa = PBXFileReference; includeInIndex = 1; lastKnownFileType = text.xcconfig; name = "Pods-CryptoCurrenciesCodeChallenge.release.xcconfig"; path = "Pods/Target Support Files/Pods-CryptoCurrenciesCodeChallenge/Pods-CryptoCurrenciesCodeChallenge.release.xcconfig"; sourceTree = "<group>"; };
/* End PBXFileReference section */

/* Begin PBXFrameworksBuildPhase section */
		6374497320192C9400834F7C /* Frameworks */ = {
			isa = PBXFrameworksBuildPhase;
			buildActionMask = 2147483647;
			files = (
				24B954FCAB086F439EBE34FA /* Pods_CryptoCurrenciesCodeChallenge.framework in Frameworks */,
			);
			runOnlyForDeploymentPostprocessing = 0;
		};
/* End PBXFrameworksBuildPhase section */

/* Begin PBXGroup section */
		167B493D2B777A5DE6754AD3 /* Frameworks */ = {
			isa = PBXGroup;
			children = (
				B5793DE25FEE17B3B1FB4D6D /* Pods_CryptoCurrenciesCodeChallenge.framework */,
			);
			name = Frameworks;
			sourceTree = "<group>";
		};
		631E10052019413300F5DF1A /* Util */ = {
			isa = PBXGroup;
			children = (
				631E10062019414E00F5DF1A /* Constant.swift */,
			);
			name = Util;
			sourceTree = "<group>";
		};
		6374496D20192C9400834F7C = {
			isa = PBXGroup;
			children = (
				6374497820192C9400834F7C /* CryptoCurrenciesCodeChallenge */,
				6374497720192C9400834F7C /* Products */,
				AE42BF52DFF7D472A5667F2A /* Pods */,
				167B493D2B777A5DE6754AD3 /* Frameworks */,
			);
			sourceTree = "<group>";
		};
		6374497720192C9400834F7C /* Products */ = {
			isa = PBXGroup;
			children = (
				6374497620192C9400834F7C /* CryptoCurrenciesCodeChallenge.app */,
			);
			name = Products;
			sourceTree = "<group>";
		};
		6374497820192C9400834F7C /* CryptoCurrenciesCodeChallenge */ = {
			isa = PBXGroup;
			children = (
				6374498B20192CE800834F7C /* Overview screen */,
				6374498C20192CFC00834F7C /* Detail screen */,
				6374498D20192D4000834F7C /* Network */,
				6374498E20192D6500834F7C /* Model */,
				63DDE459201937DD0086C46B /* ViewModel */,
				6374499220192EAC00834F7C /* Managers */,
				631E10052019413300F5DF1A /* Util */,
				6374497920192C9400834F7C /* AppDelegate.swift */,
				638831CC20194D5100355347 /* Extensions */,
				6374497D20192C9400834F7C /* Main.storyboard */,
				6374498020192C9400834F7C /* Assets.xcassets */,
				6374498220192C9400834F7C /* LaunchScreen.storyboard */,
				6374498520192C9400834F7C /* Info.plist */,
			);
			path = CryptoCurrenciesCodeChallenge;
			sourceTree = "<group>";
		};
		6374498B20192CE800834F7C /* Overview screen */ = {
			isa = PBXGroup;
			children = (
				63DDE451201934E30086C46B /* OverviewViewController.swift */,
				63DDE4532019350B0086C46B /* OverviewTableDataSource.swift */,
				63DDE4552019352C0086C46B /* OverviewTableViewCell.swift */,
				63DDE4562019352C0086C46B /* OverviewTableViewCell.xib */,
			);
			name = "Overview screen";
			sourceTree = "<group>";
		};
		6374498C20192CFC00834F7C /* Detail screen */ = {
			isa = PBXGroup;
			children = (
				638831C4201945FE00355347 /* DetailViewController.swift */,
				638831C5201945FE00355347 /* DetailViewController.xib */,
				638831C2201945E600355347 /* DetailTableDataSource.swift */,
				638831C82019498B00355347 /* DetailTableViewCell.swift */,
				638831C92019498B00355347 /* DetailTableViewCell.xib */,
			);
			path = "Detail screen";
			sourceTree = "<group>";
		};
		6374498D20192D4000834F7C /* Network */ = {
			isa = PBXGroup;
			children = (
				6374499020192DCF00834F7C /* APILoader.swift */,
			);
			name = Network;
			path = "Detail screen";
			sourceTree = "<group>";
		};
		6374498E20192D6500834F7C /* Model */ = {
			isa = PBXGroup;
			children = (
				6374499520192F2100834F7C /* Cryptocurrency.swift */,
			);
			name = Model;
			sourceTree = "<group>";
		};
		6374499220192EAC00834F7C /* Managers */ = {
			isa = PBXGroup;
			children = (
				6374499320192EE200834F7C /* JSONParser.swift */,
			);
			path = Managers;
			sourceTree = "<group>";
		};
		638831CC20194D5100355347 /* Extensions */ = {
			isa = PBXGroup;
			children = (
				638831CD20194D7800355347 /* String.swift */,
			);
			name = Extensions;
			sourceTree = "<group>";
		};
		63DDE459201937DD0086C46B /* ViewModel */ = {
			isa = PBXGroup;
			children = (
				63DDE45A201938090086C46B /* CryptocurrencyModel.swift */,
			);
			name = ViewModel;
			sourceTree = "<group>";
		};
		AE42BF52DFF7D472A5667F2A /* Pods */ = {
			isa = PBXGroup;
			children = (
				BE97524E7EDA6F134FDC5566 /* Pods-CryptoCurrenciesCodeChallenge.debug.xcconfig */,
				C6113CF6FDE752F127689139 /* Pods-CryptoCurrenciesCodeChallenge.release.xcconfig */,
			);
			name = Pods;
			sourceTree = "<group>";
		};
/* End PBXGroup section */

/* Begin PBXNativeTarget section */
		6374497520192C9400834F7C /* CryptoCurrenciesCodeChallenge */ = {
			isa = PBXNativeTarget;
			buildConfigurationList = 6374498820192C9400834F7C /* Build configuration list for PBXNativeTarget "CryptoCurrenciesCodeChallenge" */;
			buildPhases = (
				D4DFF2A83049381E2AB70BE1 /* [CP] Check Pods Manifest.lock */,
				6374497220192C9400834F7C /* Sources */,
				6374497320192C9400834F7C /* Frameworks */,
				6374497420192C9400834F7C /* Resources */,
				56E38C75427BAD58DF875C93 /* [CP] Embed Pods Frameworks */,
				A99F3D1D524ED0F2075B918B /* [CP] Copy Pods Resources */,
			);
			buildRules = (
			);
			dependencies = (
			);
			name = CryptoCurrenciesCodeChallenge;
			productName = CryptoCurrenciesCodeChallenge;
			productReference = 6374497620192C9400834F7C /* CryptoCurrenciesCodeChallenge.app */;
			productType = "com.apple.product-type.application";
		};
/* End PBXNativeTarget section */

/* Begin PBXProject section */
		6374496E20192C9400834F7C /* Project object */ = {
			isa = PBXProject;
			attributes = {
				LastSwiftUpdateCheck = 0900;
				LastUpgradeCheck = 0900;
				ORGANIZATIONNAME = Oleksii;
				TargetAttributes = {
					6374497520192C9400834F7C = {
						CreatedOnToolsVersion = 9.0.1;
						ProvisioningStyle = Automatic;
					};
				};
			};
			buildConfigurationList = 6374497120192C9400834F7C /* Build configuration list for PBXProject "CryptoCurrenciesCodeChallenge" */;
			compatibilityVersion = "Xcode 8.0";
			developmentRegion = en;
			hasScannedForEncodings = 0;
			knownRegions = (
				en,
				Base,
			);
			mainGroup = 6374496D20192C9400834F7C;
			productRefGroup = 6374497720192C9400834F7C /* Products */;
			projectDirPath = "";
			projectRoot = "";
			targets = (
				6374497520192C9400834F7C /* CryptoCurrenciesCodeChallenge */,
			);
		};
/* End PBXProject section */

/* Begin PBXResourcesBuildPhase section */
		6374497420192C9400834F7C /* Resources */ = {
			isa = PBXResourcesBuildPhase;
			buildActionMask = 2147483647;
			files = (
				63DDE4582019352C0086C46B /* OverviewTableViewCell.xib in Resources */,
				6374498420192C9400834F7C /* LaunchScreen.storyboard in Resources */,
				638831C7201945FE00355347 /* DetailViewController.xib in Resources */,
				6374498120192C9400834F7C /* Assets.xcassets in Resources */,
				638831CB2019498B00355347 /* DetailTableViewCell.xib in Resources */,
				6374497F20192C9400834F7C /* Main.storyboard in Resources */,
			);
			runOnlyForDeploymentPostprocessing = 0;
		};
/* End PBXResourcesBuildPhase section */

/* Begin PBXShellScriptBuildPhase section */
		56E38C75427BAD58DF875C93 /* [CP] Embed Pods Frameworks */ = {
			isa = PBXShellScriptBuildPhase;
			buildActionMask = 2147483647;
			files = (
			);
			inputPaths = (
				"${SRCROOT}/Pods/Target Support Files/Pods-CryptoCurrenciesCodeChallenge/Pods-CryptoCurrenciesCodeChallenge-frameworks.sh",
				"${BUILT_PRODUCTS_DIR}/Reachability/Reachability.framework",
				"${BUILT_PRODUCTS_DIR}/SVProgressHUD/SVProgressHUD.framework",
			);
			name = "[CP] Embed Pods Frameworks";
			outputPaths = (
				"${TARGET_BUILD_DIR}/${FRAMEWORKS_FOLDER_PATH}/Reachability.framework",
				"${TARGET_BUILD_DIR}/${FRAMEWORKS_FOLDER_PATH}/SVProgressHUD.framework",
			);
			runOnlyForDeploymentPostprocessing = 0;
			shellPath = /bin/sh;
			shellScript = "\"${SRCROOT}/Pods/Target Support Files/Pods-CryptoCurrenciesCodeChallenge/Pods-CryptoCurrenciesCodeChallenge-frameworks.sh\"\n";
			showEnvVarsInLog = 0;
		};
		A99F3D1D524ED0F2075B918B /* [CP] Copy Pods Resources */ = {
			isa = PBXShellScriptBuildPhase;
			buildActionMask = 2147483647;
			files = (
			);
			inputPaths = (
			);
			name = "[CP] Copy Pods Resources";
			outputPaths = (
			);
			runOnlyForDeploymentPostprocessing = 0;
			shellPath = /bin/sh;
			shellScript = "\"${SRCROOT}/Pods/Target Support Files/Pods-CryptoCurrenciesCodeChallenge/Pods-CryptoCurrenciesCodeChallenge-resources.sh\"\n";
			showEnvVarsInLog = 0;
		};
		D4DFF2A83049381E2AB70BE1 /* [CP] Check Pods Manifest.lock */ = {
			isa = PBXShellScriptBuildPhase;
			buildActionMask = 2147483647;
			files = (
			);
			inputPaths = (
				"${PODS_PODFILE_DIR_PATH}/Podfile.lock",
				"${PODS_ROOT}/Manifest.lock",
			);
			name = "[CP] Check Pods Manifest.lock";
			outputPaths = (
				"$(DERIVED_FILE_DIR)/Pods-CryptoCurrenciesCodeChallenge-checkManifestLockResult.txt",
			);
			runOnlyForDeploymentPostprocessing = 0;
			shellPath = /bin/sh;
			shellScript = "diff \"${PODS_PODFILE_DIR_PATH}/Podfile.lock\" \"${PODS_ROOT}/Manifest.lock\" > /dev/null\nif [ $? != 0 ] ; then\n    # print error to STDERR\n    echo \"error: The sandbox is not in sync with the Podfile.lock. Run 'pod install' or update your CocoaPods installation.\" >&2\n    exit 1\nfi\n# This output is used by Xcode 'outputs' to avoid re-running this script phase.\necho \"SUCCESS\" > \"${SCRIPT_OUTPUT_FILE_0}\"\n";
			showEnvVarsInLog = 0;
		};
/* End PBXShellScriptBuildPhase section */

/* Begin PBXSourcesBuildPhase section */
		6374497220192C9400834F7C /* Sources */ = {
			isa = PBXSourcesBuildPhase;
			buildActionMask = 2147483647;
			files = (
				638831C6201945FE00355347 /* DetailViewController.swift in Sources */,
				63DDE4542019350B0086C46B /* OverviewTableDataSource.swift in Sources */,
				63DDE45B201938090086C46B /* CryptocurrencyModel.swift in Sources */,
				638831C3201945E600355347 /* DetailTableDataSource.swift in Sources */,
				638831CE20194D7800355347 /* String.swift in Sources */,
				631E10072019414E00F5DF1A /* Constant.swift in Sources */,
				6374499120192DCF00834F7C /* APILoader.swift in Sources */,
				638831CA2019498B00355347 /* DetailTableViewCell.swift in Sources */,
				6374497A20192C9400834F7C /* AppDelegate.swift in Sources */,
				63DDE452201934E30086C46B /* OverviewViewController.swift in Sources */,
				63DDE4572019352C0086C46B /* OverviewTableViewCell.swift in Sources */,
				6374499420192EE200834F7C /* JSONParser.swift in Sources */,
				6374499620192F2100834F7C /* Cryptocurrency.swift in Sources */,
			);
			runOnlyForDeploymentPostprocessing = 0;
		};
/* End PBXSourcesBuildPhase section */

/* Begin PBXVariantGroup section */
		6374497D20192C9400834F7C /* Main.storyboard */ = {
			isa = PBXVariantGroup;
			children = (
				6374497E20192C9400834F7C /* Base */,
			);
			name = Main.storyboard;
			sourceTree = "<group>";
		};
		6374498220192C9400834F7C /* LaunchScreen.storyboard */ = {
			isa = PBXVariantGroup;
			children = (
				6374498320192C9400834F7C /* Base */,
			);
			name = LaunchScreen.storyboard;
			sourceTree = "<group>";
		};
/* End PBXVariantGroup section */

/* Begin XCBuildConfiguration section */
		6374498620192C9400834F7C /* Debug */ = {
			isa = XCBuildConfiguration;
			buildSettings = {
				ALWAYS_SEARCH_USER_PATHS = NO;
				CLANG_ANALYZER_NONNULL = YES;
				CLANG_ANALYZER_NUMBER_OBJECT_CONVERSION = YES_AGGRESSIVE;
				CLANG_CXX_LANGUAGE_STANDARD = "gnu++14";
				CLANG_CXX_LIBRARY = "libc++";
				CLANG_ENABLE_MODULES = YES;
				CLANG_ENABLE_OBJC_ARC = YES;
				CLANG_WARN_BLOCK_CAPTURE_AUTORELEASING = YES;
				CLANG_WARN_BOOL_CONVERSION = YES;
				CLANG_WARN_COMMA = YES;
				CLANG_WARN_CONSTANT_CONVERSION = YES;
				CLANG_WARN_DIRECT_OBJC_ISA_USAGE = YES_ERROR;
				CLANG_WARN_DOCUMENTATION_COMMENTS = YES;
				CLANG_WARN_EMPTY_BODY = YES;
				CLANG_WARN_ENUM_CONVERSION = YES;
				CLANG_WARN_INFINITE_RECURSION = YES;
				CLANG_WARN_INT_CONVERSION = YES;
				CLANG_WARN_NON_LITERAL_NULL_CONVERSION = YES;
				CLANG_WARN_OBJC_LITERAL_CONVERSION = YES;
				CLANG_WARN_OBJC_ROOT_CLASS = YES_ERROR;
				CLANG_WARN_RANGE_LOOP_ANALYSIS = YES;
				CLANG_WARN_STRICT_PROTOTYPES = YES;
				CLANG_WARN_SUSPICIOUS_MOVE = YES;
				CLANG_WARN_UNGUARDED_AVAILABILITY = YES_AGGRESSIVE;
				CLANG_WARN_UNREACHABLE_CODE = YES;
				CLANG_WARN__DUPLICATE_METHOD_MATCH = YES;
				CODE_SIGN_IDENTITY = "iPhone Developer";
				COPY_PHASE_STRIP = NO;
				DEBUG_INFORMATION_FORMAT = dwarf;
				ENABLE_STRICT_OBJC_MSGSEND = YES;
				ENABLE_TESTABILITY = YES;
				GCC_C_LANGUAGE_STANDARD = gnu11;
				GCC_DYNAMIC_NO_PIC = NO;
				GCC_NO_COMMON_BLOCKS = YES;
				GCC_OPTIMIZATION_LEVEL = 0;
				GCC_PREPROCESSOR_DEFINITIONS = (
					"DEBUG=1",
					"$(inherited)",
				);
				GCC_WARN_64_TO_32_BIT_CONVERSION = YES;
				GCC_WARN_ABOUT_RETURN_TYPE = YES_ERROR;
				GCC_WARN_UNDECLARED_SELECTOR = YES;
				GCC_WARN_UNINITIALIZED_AUTOS = YES_AGGRESSIVE;
				GCC_WARN_UNUSED_FUNCTION = YES;
				GCC_WARN_UNUSED_VARIABLE = YES;
				IPHONEOS_DEPLOYMENT_TARGET = 11.0;
				MTL_ENABLE_DEBUG_INFO = YES;
				ONLY_ACTIVE_ARCH = YES;
				SDKROOT = iphoneos;
				SWIFT_ACTIVE_COMPILATION_CONDITIONS = DEBUG;
				SWIFT_OPTIMIZATION_LEVEL = "-Onone";
			};
			name = Debug;
		};
		6374498720192C9400834F7C /* Release */ = {
			isa = XCBuildConfiguration;
			buildSettings = {
				ALWAYS_SEARCH_USER_PATHS = NO;
				CLANG_ANALYZER_NONNULL = YES;
				CLANG_ANALYZER_NUMBER_OBJECT_CONVERSION = YES_AGGRESSIVE;
				CLANG_CXX_LANGUAGE_STANDARD = "gnu++14";
				CLANG_CXX_LIBRARY = "libc++";
				CLANG_ENABLE_MODULES = YES;
				CLANG_ENABLE_OBJC_ARC = YES;
				CLANG_WARN_BLOCK_CAPTURE_AUTORELEASING = YES;
				CLANG_WARN_BOOL_CONVERSION = YES;
				CLANG_WARN_COMMA = YES;
				CLANG_WARN_CONSTANT_CONVERSION = YES;
				CLANG_WARN_DIRECT_OBJC_ISA_USAGE = YES_ERROR;
				CLANG_WARN_DOCUMENTATION_COMMENTS = YES;
				CLANG_WARN_EMPTY_BODY = YES;
				CLANG_WARN_ENUM_CONVERSION = YES;
				CLANG_WARN_INFINITE_RECURSION = YES;
				CLANG_WARN_INT_CONVERSION = YES;
				CLANG_WARN_NON_LITERAL_NULL_CONVERSION = YES;
				CLANG_WARN_OBJC_LITERAL_CONVERSION = YES;
				CLANG_WARN_OBJC_ROOT_CLASS = YES_ERROR;
				CLANG_WARN_RANGE_LOOP_ANALYSIS = YES;
				CLANG_WARN_STRICT_PROTOTYPES = YES;
				CLANG_WARN_SUSPICIOUS_MOVE = YES;
				CLANG_WARN_UNGUARDED_AVAILABILITY = YES_AGGRESSIVE;
				CLANG_WARN_UNREACHABLE_CODE = YES;
				CLANG_WARN__DUPLICATE_METHOD_MATCH = YES;
				CODE_SIGN_IDENTITY = "iPhone Developer";
				COPY_PHASE_STRIP = NO;
				DEBUG_INFORMATION_FORMAT = "dwarf-with-dsym";
				ENABLE_NS_ASSERTIONS = NO;
				ENABLE_STRICT_OBJC_MSGSEND = YES;
				GCC_C_LANGUAGE_STANDARD = gnu11;
				GCC_NO_COMMON_BLOCKS = YES;
				GCC_WARN_64_TO_32_BIT_CONVERSION = YES;
				GCC_WARN_ABOUT_RETURN_TYPE = YES_ERROR;
				GCC_WARN_UNDECLARED_SELECTOR = YES;
				GCC_WARN_UNINITIALIZED_AUTOS = YES_AGGRESSIVE;
				GCC_WARN_UNUSED_FUNCTION = YES;
				GCC_WARN_UNUSED_VARIABLE = YES;
				IPHONEOS_DEPLOYMENT_TARGET = 11.0;
				MTL_ENABLE_DEBUG_INFO = NO;
				SDKROOT = iphoneos;
				SWIFT_OPTIMIZATION_LEVEL = "-Owholemodule";
				VALIDATE_PRODUCT = YES;
			};
			name = Release;
		};
		6374498920192C9400834F7C /* Debug */ = {
			isa = XCBuildConfiguration;
			baseConfigurationReference = BE97524E7EDA6F134FDC5566 /* Pods-CryptoCurrenciesCodeChallenge.debug.xcconfig */;
			buildSettings = {
				ASSETCATALOG_COMPILER_APPICON_NAME = AppIcon;
				CODE_SIGN_STYLE = Automatic;
				INFOPLIST_FILE = CryptoCurrenciesCodeChallenge/Info.plist;
				LD_RUNPATH_SEARCH_PATHS = "$(inherited) @executable_path/Frameworks";
				PRODUCT_BUNDLE_IDENTIFIER = Oleksii.CryptoCurrenciesCodeChallenge;
				PRODUCT_NAME = "$(TARGET_NAME)";
				SWIFT_VERSION = 4.0;
				TARGETED_DEVICE_FAMILY = "1,2";
			};
			name = Debug;
		};
		6374498A20192C9400834F7C /* Release */ = {
			isa = XCBuildConfiguration;
			baseConfigurationReference = C6113CF6FDE752F127689139 /* Pods-CryptoCurrenciesCodeChallenge.release.xcconfig */;
			buildSettings = {
				ASSETCATALOG_COMPILER_APPICON_NAME = AppIcon;
				CODE_SIGN_STYLE = Automatic;
				INFOPLIST_FILE = CryptoCurrenciesCodeChallenge/Info.plist;
				LD_RUNPATH_SEARCH_PATHS = "$(inherited) @executable_path/Frameworks";
				PRODUCT_BUNDLE_IDENTIFIER = Oleksii.CryptoCurrenciesCodeChallenge;
				PRODUCT_NAME = "$(TARGET_NAME)";
				SWIFT_VERSION = 4.0;
				TARGETED_DEVICE_FAMILY = "1,2";
			};
			name = Release;
		};
/* End XCBuildConfiguration section */

/* Begin XCConfigurationList section */
		6374497120192C9400834F7C /* Build configuration list for PBXProject "CryptoCurrenciesCodeChallenge" */ = {
			isa = XCConfigurationList;
			buildConfigurations = (
				6374498620192C9400834F7C /* Debug */,
				6374498720192C9400834F7C /* Release */,
			);
			defaultConfigurationIsVisible = 0;
			defaultConfigurationName = Release;
		};
		6374498820192C9400834F7C /* Build configuration list for PBXNativeTarget "CryptoCurrenciesCodeChallenge" */ = {
			isa = XCConfigurationList;
			buildConfigurations = (
				6374498920192C9400834F7C /* Debug */,
				6374498A20192C9400834F7C /* Release */,
			);
			defaultConfigurationIsVisible = 0;
			defaultConfigurationName = Release;
		};
/* End XCConfigurationList section */
	};
	rootObject = 6374496E20192C9400834F7C /* Project object */;
}
